
Microsoft Visual Studio Solution File, Format Version 12.00
# Visual Studio Version 17
VisualStudioVersion = 17.5.33326.253
MinimumVisualStudioVersion = 10.0.40219.1
Project("{9A19103F-16F7-4668-BE54-9A1E7A4F7556}") = "Immugen", "Immugen\Immugen.csproj", "{4DB13C01-CD38-4015-9658-C8FD05CA7F04}"
EndProject
Global
	GlobalSection(SolutionConfigurationPlatforms) = preSolution
		Debug|Any CPU = Debug|Any CPU
		Release|Any CPU = Release|Any CPU
	EndGlobalSection
	GlobalSection(ProjectConfigurationPlatforms) = postSolution
		{4DB13C01-CD38-4015-9658-C8FD05CA7F04}.Debug|Any CPU.ActiveCfg = Debug|Any CPU
		{4DB13C01-CD38-4015-9658-C8FD05CA7F04}.Debug|Any CPU.Build.0 = Debug|Any CPU
		{4DB13C01-CD38-4015-9658-C8FD05CA7F04}.Release|Any CPU.ActiveCfg = Release|Any CPU
		{4DB13C01-CD38-4015-9658-C8FD05CA7F04}.Release|Any CPU.Build.0 = Release|Any CPU
	EndGlobalSection
	GlobalSection(SolutionProperties) = preSolution
		HideSolutionNode = FALSE
	EndGlobalSection
	GlobalSection(ExtensibilityGlobals) = postSolution
		SolutionGuid = {2ADC346F-64F4-41F0-993B-5D14FA13B89E}
	EndGlobalSection
EndGlobal
